{
  "version": "3",
  "packages": {
    "specifiers": {
      "jsr:@std/assert@0.222": "jsr:@std/assert@0.222.0",
      "jsr:@std/assert@^0.222.0": "jsr:@std/assert@0.222.0",
      "jsr:@std/cli@0.222": "jsr:@std/cli@0.222.0",
      "jsr:@std/datetime@0.222": "jsr:@std/datetime@0.222.0",
      "jsr:@std/fmt@0.222": "jsr:@std/fmt@0.222.0",
      "jsr:@std/fmt@^0.222.0": "jsr:@std/fmt@0.222.0",
      "jsr:@std/fs@0.222": "jsr:@std/fs@0.222.0",
      "jsr:@std/fs@^0.222.0": "jsr:@std/fs@0.222.0",
      "jsr:@std/io@^0.222.0": "jsr:@std/io@0.222.0",
      "jsr:@std/log@0.222": "jsr:@std/log@0.222.0",
      "jsr:@std/path@0.222": "jsr:@std/path@0.222.0",
      "jsr:@std/path@^0.222.0": "jsr:@std/path@0.222.0",
      "jsr:@std/testing@0.222": "jsr:@std/testing@0.222.0"
    },
    "jsr": {
      "@std/assert@0.222.0": {
        "integrity": "cbf00c0d8125a56c087e3d1ea0e638760d47206b30e9d300bad826b811719fc7",
        "dependencies": [
          "jsr:@std/fmt@^0.222.0"
        ]
      },
      "@std/cli@0.222.0": {
        "integrity": "b72d34a7708ad427efca01779dfc97932fe8ea5fe50503e1ddb4684a9e177fd5",
        "dependencies": [
          "jsr:@std/assert@^0.222.0"
        ]
      },
      "@std/datetime@0.222.0": {
        "integrity": "4200956cc365dea17e99a5e9c2ed817bf732f5c113ca96d14bf934d781e3f5bf"
      },
      "@std/fmt@0.222.0": {
        "integrity": "0eb99babf1cc697d67e76e8753916c037bbc3ce4abcefa321e1465708b0adda1"
      },
      "@std/fs@0.222.0": {
        "integrity": "8b8dc9aec00159c948c7a4642eec3e8c09537f44aad08940ca69a20ba69733e7",
        "dependencies": [
          "jsr:@std/path@^0.222.0"
        ]
      },
      "@std/io@0.222.0": {
        "integrity": "ec46db09e2f2e48909edfa24494ac61aad66ae6a8f22bab458177be7620529bd"
      },
      "@std/log@0.222.0": {
        "integrity": "0b8fcf72c015210970a598fda4fb12080e44a054013680a1179418311bcd7ab1",
        "dependencies": [
          "jsr:@std/assert@^0.222.0",
          "jsr:@std/fmt@^0.222.0",
          "jsr:@std/fs@^0.222.0",
          "jsr:@std/io@^0.222.0"
        ]
      },
      "@std/path@0.222.0": {
        "integrity": "e2d494a0a70e0de820cdf693d47669d225c81cadb26cb2dee4e23840397aace0",
        "dependencies": [
          "jsr:@std/assert@^0.222.0"
        ]
      },
      "@std/testing@0.222.0": {
        "integrity": "a6d10c9fbb1df052ad7f73174d511328c08b7408bdd162ef6c3bc04def49c2ae",
        "dependencies": [
          "jsr:@std/assert@^0.222.0"
        ]
      }
    }
  },
  "remote": {},
  "workspace": {
    "dependencies": [
      "jsr:@std/assert@0.222",
      "jsr:@std/cli@0.222",
      "jsr:@std/datetime@0.222",
      "jsr:@std/fmt@0.222",
      "jsr:@std/fs@0.222",
      "jsr:@std/log@0.222",
      "jsr:@std/path@0.222",
      "jsr:@std/testing@0.222"
    ]
  }
}
