{
  "version": "4",
  "specifiers": {
    "jsr:@std/assert@^1.0.10": "1.0.11",
    "jsr:@std/assert@^1.0.11": "1.0.11",
    "jsr:@std/cli@^1.0.12": "1.0.12",
    "jsr:@std/data-structures@^1.0.6": "1.0.6",
    "jsr:@std/datetime@~0.225.3": "0.225.3",
    "jsr:@std/fmt@^1.0.5": "1.0.5",
    "jsr:@std/fs@^1.0.10": "1.0.10",
    "jsr:@std/fs@^1.0.11": "1.0.11",
    "jsr:@std/fs@^1.0.9": "1.0.11",
    "jsr:@std/internal@^1.0.5": "1.0.5",
    "jsr:@std/io@~0.225.2": "0.225.2",
    "jsr:@std/log@~0.224.14": "0.224.14",
    "jsr:@std/path@1.0.8": "1.0.8",
    "jsr:@std/path@^1.0.7": "1.0.8",
    "jsr:@std/path@^1.0.8": "1.0.8",
    "jsr:@std/testing@^1.0.9": "1.0.9"
  },
  "jsr": {
    "@std/assert@1.0.10": {
      "integrity": "59b5cbac5bd55459a19045d95cc7c2ff787b4f8527c0dd195078ff6f9481fbb3",
      "dependencies": [
        "jsr:@std/internal"
      ]
    },
    "@std/assert@1.0.11": {
      "integrity": "2461ef3c368fe88bc60e186e7744a93112f16fd110022e113a0849e94d1c83c1",
      "dependencies": [
        "jsr:@std/internal"
      ]
    },
    "@std/cli@1.0.12": {
      "integrity": "e5cfb7814d189da174ecd7a34fbbd63f3513e24a1b307feb2fcd5da47a070d90"
    },
    "@std/data-structures@1.0.6": {
      "integrity": "76a7fd8080c66604c0496220a791860492ab21a04a63a969c0b9a0609bbbb760"
    },
    "@std/datetime@0.225.3": {
      "integrity": "fda0b7791b43d9a46764986fec39922a8ceb70ffca642651fa7d0683501a171a"
    },
    "@std/fmt@1.0.0-rc.1": {
      "integrity": "3dbbd12f1704c62b5bd33c9ff928c8df47cd5c75f6637201a8c21298b28e43bc"
    },
    "@std/fmt@1.0.5": {
      "integrity": "0cfab43364bc36650d83c425cd6d99910fc20c4576631149f0f987eddede1a4d"
    },
    "@std/fs@1.0.0-rc.6": {
      "integrity": "289d4844694b016b15a3d9e7559f5a7ad47c8a5ef83e612a35629ae217f6ebf6"
    },
    "@std/fs@1.0.9": {
      "integrity": "3eef7e3ed3d317b29432c7dcb3b20122820dbc574263f721cb0248ad91bad890",
      "dependencies": [
        "jsr:@std/path@^1.0.8"
      ]
    },
    "@std/fs@1.0.10": {
      "integrity": "bf041f9d7a0a460817f0421be8946d0e06011b3433e6c83a215628de5e3c7c2c",
      "dependencies": [
        "jsr:@std/path@^1.0.8"
      ]
    },
    "@std/fs@1.0.11": {
      "integrity": "ba674672693340c5ebdd018b4fe1af46cb08741f42b4c538154e97d217b55bdd",
      "dependencies": [
        "jsr:@std/path@^1.0.8"
      ]
    },
    "@std/internal@1.0.5": {
      "integrity": "54a546004f769c1ac9e025abd15a76b6671ddc9687e2313b67376125650dc7ba"
    },
    "@std/io@0.224.3": {
      "integrity": "b402edeb99c6b3778d9ae3e9927bc9085b170b41e5a09bbb7064ab2ee394ae2f"
    },
    "@std/io@0.225.2": {
      "integrity": "3c740cd4ee4c082e6cfc86458f47e2ab7cb353dc6234d5e9b1f91a2de5f4d6c7"
    },
    "@std/log@0.224.14": {
      "integrity": "257f7adceee3b53bb2bc86c7242e7d1bc59729e57d4981c4a7e5b876c808f05e",
      "dependencies": [
        "jsr:@std/fmt",
        "jsr:@std/fs@^1.0.11",
        "jsr:@std/io"
      ]
    },
    "@std/path@1.0.8": {
      "integrity": "548fa456bb6a04d3c1a1e7477986b6cffbce95102d0bb447c67c4ee70e0364be"
    },
    "@std/testing@1.0.9": {
      "integrity": "9bdd4ac07cb13e7594ac30e90f6ceef7254ac83a9aeaa089be0008f33aab5cd4",
      "dependencies": [
        "jsr:@std/assert@^1.0.10",
        "jsr:@std/data-structures",
        "jsr:@std/fs@^1.0.9",
        "jsr:@std/internal",
        "jsr:@std/path@^1.0.8"
      ]
    }
  },
  "workspace": {
    "dependencies": [
      "jsr:@std/assert@^1.0.11",
      "jsr:@std/cli@^1.0.12",
      "jsr:@std/datetime@~0.225.3",
      "jsr:@std/fmt@^1.0.5",
      "jsr:@std/fs@^1.0.11",
      "jsr:@std/log@~0.224.14",
      "jsr:@std/path@1.0.8",
      "jsr:@std/testing@^1.0.9"
    ]
  }
}
