{
  "version": "3",
  "packages": {
    "specifiers": {
      "jsr:@std/assert@0.215.0": "jsr:@std/assert@0.215.0",
      "jsr:@std/assert@^0.215.0": "jsr:@std/assert@0.215.0",
      "jsr:@std/cli@0.215.0": "jsr:@std/cli@0.215.0",
      "jsr:@std/datetime@0.215.0": "jsr:@std/datetime@0.215.0",
      "jsr:@std/fmt@0.215.0": "jsr:@std/fmt@0.215.0",
      "jsr:@std/fmt@^0.215.0": "jsr:@std/fmt@0.215.0",
      "jsr:@std/fs@0.215.0": "jsr:@std/fs@0.215.0",
      "jsr:@std/fs@^0.215.0": "jsr:@std/fs@0.215.0",
      "jsr:@std/log@0.215.0": "jsr:@std/log@0.215.0",
      "jsr:@std/path@0.215.0": "jsr:@std/path@0.215.0",
      "jsr:@std/path@^0.215.0": "jsr:@std/path@0.215.0",
      "jsr:@std/streams@0.215.0": "jsr:@std/streams@0.215.0",
      "jsr:@std/testing@0.215.0": "jsr:@std/testing@0.215.0"
    },
    "jsr": {
      "@std/assert@0.215.0": {
        "dependencies": [
          "jsr:@std/fmt@^0.215.0"
        ]
      },
      "@std/cli@0.215.0": {
        "dependencies": [
          "jsr:@std/assert@^0.215.0"
        ]
      },
      "@std/fs@0.215.0": {
        "dependencies": [
          "jsr:@std/path@^0.215.0"
        ]
      },
      "@std/log@0.215.0": {
        "dependencies": [
          "jsr:@std/assert@^0.215.0",
          "jsr:@std/fmt@^0.215.0",
          "jsr:@std/fs@^0.215.0"
        ]
      },
      "@std/path@0.215.0": {
        "dependencies": [
          "jsr:@std/assert@^0.215.0"
        ]
      },
      "@std/testing@0.215.0": {
        "dependencies": [
          "jsr:@std/assert@^0.215.0"
        ]
      }
    }
  },
  "remote": {
    "https://deno.land/std@0.215.0/assert/_constants.ts": "a271e8ef5a573f1df8e822a6eb9d09df064ad66a4390f21b3e31f820a38e0975",
    "https://deno.land/std@0.215.0/assert/_diff.ts": "dcc63d94ca289aec80644030cf88ccbf7acaa6fbd7b0f22add93616b36593840",
    "https://deno.land/std@0.215.0/assert/_format.ts": "0ba808961bf678437fb486b56405b6fefad2cf87b5809667c781ddee8c32aff4",
    "https://deno.land/std@0.215.0/assert/assert.ts": "bec068b2fccdd434c138a555b19a2c2393b71dfaada02b7d568a01541e67cdc5",
    "https://deno.land/std@0.215.0/assert/assert_almost_equals.ts": "8b96b7385cc117668b0720115eb6ee73d04c9bcb2f5d2344d674918c9113688f",
    "https://deno.land/std@0.215.0/assert/assert_array_includes.ts": "1688d76317fd45b7e93ef9e2765f112fdf2b7c9821016cdfb380b9445374aed1",
    "https://deno.land/std@0.215.0/assert/assert_equals.ts": "4497c56fe7d2993b0d447926702802fc0becb44e319079e8eca39b482ee01b4e",
    "https://deno.land/std@0.215.0/assert/assert_exists.ts": "24a7bf965e634f909242cd09fbaf38bde6b791128ece08e33ab08586a7cc55c9",
    "https://deno.land/std@0.215.0/assert/assert_false.ts": "6f382568e5128c0f855e5f7dbda8624c1ed9af4fcc33ef4a9afeeedcdce99769",
    "https://deno.land/std@0.215.0/assert/assert_greater.ts": "4945cf5729f1a38874d7e589e0fe5cc5cd5abe5573ca2ddca9d3791aa891856c",
    "https://deno.land/std@0.215.0/assert/assert_greater_or_equal.ts": "573ed8823283b8d94b7443eb69a849a3c369a8eb9666b2d1db50c33763a5d219",
    "https://deno.land/std@0.215.0/assert/assert_instance_of.ts": "72dc1faff1e248692d873c89382fa1579dd7b53b56d52f37f9874a75b11ba444",
    "https://deno.land/std@0.215.0/assert/assert_is_error.ts": "6596f2b5ba89ba2fe9b074f75e9318cda97a2381e59d476812e30077fbdb6ed2",
    "https://deno.land/std@0.215.0/assert/assert_less.ts": "2b4b3fe7910f65f7be52212f19c3977ecb8ba5b2d6d0a296c83cde42920bb005",
    "https://deno.land/std@0.215.0/assert/assert_less_or_equal.ts": "b93d212fe669fbde959e35b3437ac9a4468f2e6b77377e7b6ea2cfdd825d38a0",
    "https://deno.land/std@0.215.0/assert/assert_match.ts": "ec2d9680ed3e7b9746ec57ec923a17eef6d476202f339ad91d22277d7f1d16e1",
    "https://deno.land/std@0.215.0/assert/assert_not_equals.ts": "ac86413ab70ffb14fdfc41740ba579a983fe355ba0ce4a9ab685e6b8e7f6a250",
    "https://deno.land/std@0.215.0/assert/assert_not_instance_of.ts": "8f720d92d83775c40b2542a8d76c60c2d4aeddaf8713c8d11df8984af2604931",
    "https://deno.land/std@0.215.0/assert/assert_not_match.ts": "b4b7c77f146963e2b673c1ce4846473703409eb93f5ab0eb60f6e6f8aeffe39f",
    "https://deno.land/std@0.215.0/assert/assert_not_strict_equals.ts": "da0b8ab60a45d5a9371088378e5313f624799470c3b54c76e8b8abeec40a77be",
    "https://deno.land/std@0.215.0/assert/assert_object_match.ts": "e85e5eef62a56ce364c3afdd27978ccab979288a3e772e6855c270a7b118fa49",
    "https://deno.land/std@0.215.0/assert/assert_rejects.ts": "e9e0c8d9c3e164c7ac962c37b3be50577c5a2010db107ed272c4c1afb1269f54",
    "https://deno.land/std@0.215.0/assert/assert_strict_equals.ts": "0425a98f70badccb151644c902384c12771a93e65f8ff610244b8147b03a2366",
    "https://deno.land/std@0.215.0/assert/assert_string_includes.ts": "dfb072a890167146f8e5bdd6fde887ce4657098e9f71f12716ef37f35fb6f4a7",
    "https://deno.land/std@0.215.0/assert/assert_throws.ts": "edddd86b39606c342164b49ad88dd39a26e72a26655e07545d172f164b617fa7",
    "https://deno.land/std@0.215.0/assert/assertion_error.ts": "9f689a101ee586c4ce92f52fa7ddd362e86434ffdf1f848e45987dc7689976b8",
    "https://deno.land/std@0.215.0/assert/equal.ts": "fae5e8a52a11d3ac694bbe1a53e13a7969e3f60791262312e91a3e741ae519e2",
    "https://deno.land/std@0.215.0/assert/fail.ts": "f310e51992bac8e54f5fd8e44d098638434b2edb802383690e0d7a9be1979f1c",
    "https://deno.land/std@0.215.0/assert/mod.ts": "325df8c0683ad83a873b9691aa66b812d6275fc9fec0b2d180ac68a2c5efed3b",
    "https://deno.land/std@0.215.0/assert/unimplemented.ts": "47ca67d1c6dc53abd0bd729b71a31e0825fc452dbcd4fde4ca06789d5644e7fd",
    "https://deno.land/std@0.215.0/assert/unreachable.ts": "38cfecb95d8b06906022d2f9474794fca4161a994f83354fd079cac9032b5145",
    "https://deno.land/std@0.215.0/cli/mod.ts": "58f75df8ce43fb8266bdd26ec4465f73176b910316d72eb8e090b6a0549391da",
    "https://deno.land/std@0.215.0/cli/parse_args.ts": "b24efc18e9cb4fab5d7daed7a04fa5edbdd5c7998b1e44d44aa9d85111817011",
    "https://deno.land/std@0.215.0/cli/prompt_secret.ts": "831cfb4efa83bfaf9bfd320ddbfd619e03cd87e81260909f93ca199ebe214ec2",
    "https://deno.land/std@0.215.0/cli/spinner.ts": "005395c4e00b1086bfa2ae44e8c9413c1231c4741a08a55aa0d3c9ea267cecb5",
    "https://deno.land/std@0.215.0/datetime/_common.ts": "a62214c1924766e008e27d3d843ceba4b545dc2aa9880de0ecdef9966d5736b6",
    "https://deno.land/std@0.215.0/datetime/format.ts": "aea98f9b51abebe79805cf4b6e566ae6cdf4f91dfd728e2e2505de4729e03f2a",
    "https://deno.land/std@0.215.0/fmt/colors.ts": "aeaee795471b56fc62a3cb2e174ed33e91551b535f44677f6320336aabb54fbb",
    "https://deno.land/std@0.215.0/fmt/duration.ts": "606f8c2bbbadd7f7a122868a478c9ad31f2e66b1e19e0a9769655585414fced6",
    "https://deno.land/std@0.215.0/fs/_create_walk_entry.ts": "5d9d2aaec05bcf09a06748b1684224d33eba7a4de24cf4cf5599991ca6b5b412",
    "https://deno.land/std@0.215.0/fs/_to_path_string.ts": "29bfc9c6c112254961d75cbf6ba814d6de5349767818eb93090cecfa9665591e",
    "https://deno.land/std@0.215.0/fs/exists.ts": "d2757ef764eaf5c6c5af7228e8447db2de42ab084a2dae540097f905723d83f5",
    "https://deno.land/std@0.215.0/fs/walk.ts": "78e1d01a9f75715614bf8d6e58bd77d9fafb1222c41194e607cd3849d7a0e771",
    "https://deno.land/std@0.215.0/log/_config.ts": "0b872c28977eacb641515cfa0e86b1864083dfd0d95df1346b5ce2d2a83cd4f3",
    "https://deno.land/std@0.215.0/log/_state.ts": "02b0fe12e72c4da014b6030222066d48a77ec42d908133c6dfddabf33e6fc5e8",
    "https://deno.land/std@0.215.0/log/base_handler.ts": "c9479234e87afaa1fbb7a52a18c3eba878e50a5a238bdd1ed8fc88ae951cb4d9",
    "https://deno.land/std@0.215.0/log/console_handler.ts": "a1e96544380aa46e5e80fe800208b40495091a7385e754770d80e3454e4d30bd",
    "https://deno.land/std@0.215.0/log/critical.ts": "8b046c84df44f088666bbccd67f81d82d753ccfd856b4ab79d1ee5bed58488cd",
    "https://deno.land/std@0.215.0/log/debug.ts": "00e886bb529076aae090f2824ae6f16659875c211587ac77db60dfd725dd03e5",
    "https://deno.land/std@0.215.0/log/error.ts": "f455de928edb9c4120483d06e1e51c208dea703461d7bac3168f1ddea169907e",
    "https://deno.land/std@0.215.0/log/file_handler.ts": "7b58c7017117ae290700b0e23f21573c1dc8ba8b5d4978d8aa0b8e05742d75e2",
    "https://deno.land/std@0.215.0/log/formatters.ts": "6058f77368548bc7f12edf1277bc780f3a055dfd4854fd9356acadd5193d21db",
    "https://deno.land/std@0.215.0/log/get_logger.ts": "9c153ea3642e7fdabad752f65211d0e147d1863a07aef5c28991bc1e89df042c",
    "https://deno.land/std@0.215.0/log/info.ts": "f158bd21bd23876834c75eb9fc347583d850ff46b6461e08e926fe3fbb6c6e8e",
    "https://deno.land/std@0.215.0/log/levels.ts": "632ba12baa2600750d004cc5cb4eabe10e410f3f2bdfcb9f7142b6d767f2fee6",
    "https://deno.land/std@0.215.0/log/logger.ts": "a7a21f53c59f0d16227373d04ea302277a8d5be278105d71afe85b3d7b12067f",
    "https://deno.land/std@0.215.0/log/mod.ts": "e4ad2e0925dbcb9047621e06560efe5285e3a589b56d5213d102f379c12a1c3e",
    "https://deno.land/std@0.215.0/log/rotating_file_handler.ts": "dc0333959ff725ac1f43b741ababa9fef074f658a60c65235d12e44952085fbe",
    "https://deno.land/std@0.215.0/log/setup.ts": "d52ad7264d0f007365ef58f0d79f6915bbd670faf9a6a29f567abd7f96b7d10e",
    "https://deno.land/std@0.215.0/log/warn.ts": "9fa997d9a5b0b78f84c797f436f16458e1fc5468b424cd796907c476116bd658",
    "https://deno.land/std@0.215.0/path/_common/assert_path.ts": "2ca275f36ac1788b2acb60fb2b79cb06027198bc2ba6fb7e163efaedde98c297",
    "https://deno.land/std@0.215.0/path/_common/basename.ts": "569744855bc8445f3a56087fd2aed56bdad39da971a8d92b138c9913aecc5fa2",
    "https://deno.land/std@0.215.0/path/_common/common.ts": "6157c7ec1f4db2b4a9a187efd6ce76dcaf1e61cfd49f87e40d4ea102818df031",
    "https://deno.land/std@0.215.0/path/_common/constants.ts": "dc5f8057159f4b48cd304eb3027e42f1148cf4df1fb4240774d3492b5d12ac0c",
    "https://deno.land/std@0.215.0/path/_common/dirname.ts": "684df4aa71a04bbcc346c692c8485594fc8a90b9408dfbc26ff32cf3e0c98cc8",
    "https://deno.land/std@0.215.0/path/_common/format.ts": "92500e91ea5de21c97f5fe91e178bae62af524b72d5fcd246d6d60ae4bcada8b",
    "https://deno.land/std@0.215.0/path/_common/from_file_url.ts": "d672bdeebc11bf80e99bf266f886c70963107bdd31134c4e249eef51133ceccf",
    "https://deno.land/std@0.215.0/path/_common/glob_to_reg_exp.ts": "2007aa87bed6eb2c8ae8381adcc3125027543d9ec347713c1ad2c68427330770",
    "https://deno.land/std@0.215.0/path/_common/normalize.ts": "684df4aa71a04bbcc346c692c8485594fc8a90b9408dfbc26ff32cf3e0c98cc8",
    "https://deno.land/std@0.215.0/path/_common/normalize_string.ts": "dfdf657a1b1a7db7999f7c575ee7e6b0551d9c20f19486c6c3f5ff428384c965",
    "https://deno.land/std@0.215.0/path/_common/relative.ts": "faa2753d9b32320ed4ada0733261e3357c186e5705678d9dd08b97527deae607",
    "https://deno.land/std@0.215.0/path/_common/strip_trailing_separators.ts": "7024a93447efcdcfeaa9339a98fa63ef9d53de363f1fbe9858970f1bba02655a",
    "https://deno.land/std@0.215.0/path/_common/to_file_url.ts": "7f76adbc83ece1bba173e6e98a27c647712cab773d3f8cbe0398b74afc817883",
    "https://deno.land/std@0.215.0/path/_interface.ts": "a1419fcf45c0ceb8acdccc94394e3e94f99e18cfd32d509aab514c8841799600",
    "https://deno.land/std@0.215.0/path/_os.ts": "8fb9b90fb6b753bd8c77cfd8a33c2ff6c5f5bc185f50de8ca4ac6a05710b2c15",
    "https://deno.land/std@0.215.0/path/basename.ts": "5d341aadb7ada266e2280561692c165771d071c98746fcb66da928870cd47668",
    "https://deno.land/std@0.215.0/path/common.ts": "03e52e22882402c986fe97ca3b5bb4263c2aa811c515ce84584b23bac4cc2643",
    "https://deno.land/std@0.215.0/path/constants.ts": "0c206169ca104938ede9da48ac952de288f23343304a1c3cb6ec7625e7325f36",
    "https://deno.land/std@0.215.0/path/dirname.ts": "85bd955bf31d62c9aafdd7ff561c4b5fb587d11a9a5a45e2b01aedffa4238a7c",
    "https://deno.land/std@0.215.0/path/extname.ts": "593303db8ae8c865cbd9ceec6e55d4b9ac5410c1e276bfd3131916591b954441",
    "https://deno.land/std@0.215.0/path/format.ts": "98fad25f1af7b96a48efb5b67378fcc8ed77be895df8b9c733b86411632162af",
    "https://deno.land/std@0.215.0/path/from_file_url.ts": "911833ae4fd10a1c84f6271f36151ab785955849117dc48c6e43b929504ee069",
    "https://deno.land/std@0.215.0/path/glob_to_regexp.ts": "5e51f78a0248c75464bf1d49173de3ec2c032880a530578e56b3fed2a57e69d3",
    "https://deno.land/std@0.215.0/path/is_absolute.ts": "4791afc8bfd0c87f0526eaa616b0d16e7b3ab6a65b62942e50eac68de4ef67d7",
    "https://deno.land/std@0.215.0/path/is_glob.ts": "a65f6195d3058c3050ab905705891b412ff942a292bcbaa1a807a74439a14141",
    "https://deno.land/std@0.215.0/path/join.ts": "ae2ec5ca44c7e84a235fd532e4a0116bfb1f2368b394db1c4fb75e3c0f26a33a",
    "https://deno.land/std@0.215.0/path/join_globs.ts": "5b3bf248b93247194f94fa6947b612ab9d3abd571ca8386cf7789038545e54a0",
    "https://deno.land/std@0.215.0/path/mod.ts": "6f856db94f6a72fc2cf69e0a85eb523aee6a3cd274470717e96f4bee0c9fe329",
    "https://deno.land/std@0.215.0/path/normalize.ts": "4155743ccceeed319b350c1e62e931600272fad8ad00c417b91df093867a8352",
    "https://deno.land/std@0.215.0/path/normalize_glob.ts": "cc89a77a7d3b1d01053b9dcd59462b75482b11e9068ae6c754b5cf5d794b374f",
    "https://deno.land/std@0.215.0/path/parse.ts": "65e8e285f1a63b714e19ef24b68f56e76934c3df0b6e65fd440d3991f4f8aefb",
    "https://deno.land/std@0.215.0/path/posix/_util.ts": "1e3937da30f080bfc99fe45d7ed23c47dd8585c5e473b2d771380d3a6937cf9d",
    "https://deno.land/std@0.215.0/path/posix/basename.ts": "39ee27a29f1f35935d3603ccf01d53f3d6e0c5d4d0f84421e65bd1afeff42843",
    "https://deno.land/std@0.215.0/path/posix/common.ts": "26f60ccc8b2cac3e1613000c23ac5a7d392715d479e5be413473a37903a2b5d4",
    "https://deno.land/std@0.215.0/path/posix/constants.ts": "93481efb98cdffa4c719c22a0182b994e5a6aed3047e1962f6c2c75b7592bef1",
    "https://deno.land/std@0.215.0/path/posix/dirname.ts": "6535d2bdd566118963537b9dda8867ba9e2a361015540dc91f5afbb65c0cce8b",
    "https://deno.land/std@0.215.0/path/posix/extname.ts": "8d36ae0082063c5e1191639699e6f77d3acf501600a3d87b74943f0ae5327427",
    "https://deno.land/std@0.215.0/path/posix/format.ts": "185e9ee2091a42dd39e2a3b8e4925370ee8407572cee1ae52838aed96310c5c1",
    "https://deno.land/std@0.215.0/path/posix/from_file_url.ts": "951aee3a2c46fd0ed488899d024c6352b59154c70552e90885ed0c2ab699bc40",
    "https://deno.land/std@0.215.0/path/posix/glob_to_regexp.ts": "54d3ff40f309e3732ab6e5b19d7111d2d415248bcd35b67a99defcbc1972e697",
    "https://deno.land/std@0.215.0/path/posix/is_absolute.ts": "cebe561ad0ae294f0ce0365a1879dcfca8abd872821519b4fcc8d8967f888ede",
    "https://deno.land/std@0.215.0/path/posix/is_glob.ts": "8a8b08c08bf731acf2c1232218f1f45a11131bc01de81e5f803450a5914434b9",
    "https://deno.land/std@0.215.0/path/posix/join.ts": "aef88d5fa3650f7516730865dbb951594d1a955b785e2450dbee93b8e32694f3",
    "https://deno.land/std@0.215.0/path/posix/join_globs.ts": "f6e2619c196b82d8fd67ba2cf680e5b44461f38bdfeec26d7b3f55bd92a85988",
    "https://deno.land/std@0.215.0/path/posix/mod.ts": "2301fc1c54a28b349e20656f68a85f75befa0ee9b6cd75bfac3da5aca9c3f604",
    "https://deno.land/std@0.215.0/path/posix/normalize.ts": "baeb49816a8299f90a0237d214cef46f00ba3e95c0d2ceb74205a6a584b58a91",
    "https://deno.land/std@0.215.0/path/posix/normalize_glob.ts": "41b477068deb832df7f51d6e2b3c0bc274d20919e20c5240d785ba535572d3d0",
    "https://deno.land/std@0.215.0/path/posix/parse.ts": "d5bac4eb21262ab168eead7e2196cb862940c84cee572eafedd12a0d34adc8fb",
    "https://deno.land/std@0.215.0/path/posix/relative.ts": "3907d6eda41f0ff723d336125a1ad4349112cd4d48f693859980314d5b9da31c",
    "https://deno.land/std@0.215.0/path/posix/resolve.ts": "bac20d9921beebbbb2b73706683b518b1d0c1b1da514140cee409e90d6b2913a",
    "https://deno.land/std@0.215.0/path/posix/to_file_url.ts": "7aa752ba66a35049e0e4a4be5a0a31ac6b645257d2e031142abb1854de250aaf",
    "https://deno.land/std@0.215.0/path/posix/to_namespaced_path.ts": "28b216b3c76f892a4dca9734ff1cc0045d135532bfd9c435ae4858bfa5a2ebf0",
    "https://deno.land/std@0.215.0/path/relative.ts": "ab739d727180ed8727e34ed71d976912461d98e2b76de3d3de834c1066667add",
    "https://deno.land/std@0.215.0/path/resolve.ts": "a6f977bdb4272e79d8d0ed4333e3d71367cc3926acf15ac271f1d059c8494d8d",
    "https://deno.land/std@0.215.0/path/to_file_url.ts": "88f049b769bce411e2d2db5bd9e6fd9a185a5fbd6b9f5ad8f52bef517c4ece1b",
    "https://deno.land/std@0.215.0/path/to_namespaced_path.ts": "b706a4103b104cfadc09600a5f838c2ba94dbcdb642344557122dda444526e40",
    "https://deno.land/std@0.215.0/path/windows/_util.ts": "d5f47363e5293fced22c984550d5e70e98e266cc3f31769e1710511803d04808",
    "https://deno.land/std@0.215.0/path/windows/basename.ts": "e2dbf31d1d6385bfab1ce38c333aa290b6d7ae9e0ecb8234a654e583cf22f8fe",
    "https://deno.land/std@0.215.0/path/windows/common.ts": "26f60ccc8b2cac3e1613000c23ac5a7d392715d479e5be413473a37903a2b5d4",
    "https://deno.land/std@0.215.0/path/windows/constants.ts": "5afaac0a1f67b68b0a380a4ef391bf59feb55856aa8c60dfc01bd3b6abb813f5",
    "https://deno.land/std@0.215.0/path/windows/dirname.ts": "33e421be5a5558a1346a48e74c330b8e560be7424ed7684ea03c12c21b627bc9",
    "https://deno.land/std@0.215.0/path/windows/extname.ts": "165a61b00d781257fda1e9606a48c78b06815385e7d703232548dbfc95346bef",
    "https://deno.land/std@0.215.0/path/windows/format.ts": "bbb5ecf379305b472b1082cd2fdc010e44a0020030414974d6029be9ad52aeb6",
    "https://deno.land/std@0.215.0/path/windows/from_file_url.ts": "ced2d587b6dff18f963f269d745c4a599cf82b0c4007356bd957cb4cb52efc01",
    "https://deno.land/std@0.215.0/path/windows/glob_to_regexp.ts": "6dcd1242bd8907aa9660cbdd7c93446e6927b201112b0cba37ca5d80f81be51b",
    "https://deno.land/std@0.215.0/path/windows/is_absolute.ts": "4a8f6853f8598cf91a835f41abed42112cebab09478b072e4beb00ec81f8ca8a",
    "https://deno.land/std@0.215.0/path/windows/is_glob.ts": "8a8b08c08bf731acf2c1232218f1f45a11131bc01de81e5f803450a5914434b9",
    "https://deno.land/std@0.215.0/path/windows/join.ts": "e0b3356615c1a75c56ebb6a7311157911659e11fd533d80d724800126b761ac3",
    "https://deno.land/std@0.215.0/path/windows/join_globs.ts": "f6e2619c196b82d8fd67ba2cf680e5b44461f38bdfeec26d7b3f55bd92a85988",
    "https://deno.land/std@0.215.0/path/windows/mod.ts": "a9883fbf59e52d12f293f9e0dc394b1fbeab5b77eccea9d713091a9e65e90a37",
    "https://deno.land/std@0.215.0/path/windows/normalize.ts": "78126170ab917f0ca355a9af9e65ad6bfa5be14d574c5fb09bb1920f52577780",
    "https://deno.land/std@0.215.0/path/windows/normalize_glob.ts": "c57c186b0785ba5320a85e573c264f42c46eb1d0a4a78611f4791a7083baaa17",
    "https://deno.land/std@0.215.0/path/windows/parse.ts": "b9239edd892a06a06625c1b58425e199f018ce5649ace024d144495c984da734",
    "https://deno.land/std@0.215.0/path/windows/relative.ts": "3e1abc7977ee6cc0db2730d1f9cb38be87b0ce4806759d271a70e4997fc638d7",
    "https://deno.land/std@0.215.0/path/windows/resolve.ts": "75b2e3e1238d840782cee3d8864d82bfaa593c7af8b22f19c6422cf82f330ab3",
    "https://deno.land/std@0.215.0/path/windows/separator.ts": "e51c5522140eff4f8402617c5c68a201fdfa3a1a8b28dc23587cff931b665e43",
    "https://deno.land/std@0.215.0/path/windows/to_file_url.ts": "1cd63fd35ec8d1370feaa4752eccc4cc05ea5362a878be8dc7db733650995484",
    "https://deno.land/std@0.215.0/path/windows/to_namespaced_path.ts": "4ffa4fb6fae321448d5fe810b3ca741d84df4d7897e61ee29be961a6aac89a4c",
    "https://deno.land/std@0.215.0/streams/merge_readable_streams.ts": "9c541012e130d6e36086b6b8c197078a6053f5446367e33f233b71858a2c03cc",
    "https://deno.land/std@0.215.0/testing/_test_suite.ts": "f10a8a6338b60c403f07a76f3f46bdc9f1e1a820c0a1decddeb2949f7a8a0546",
    "https://deno.land/std@0.215.0/testing/bdd.ts": "a7a9f691c6531166e4afa9d91bd5750c7418407bb310473b27eda59fd2d1f609",
    "https://deno.land/std@0.215.0/testing/mock.ts": "4c35c9bc7d63cabceadf8fa1d0771104d754352c54054e11e068f9af08821234",
    "https://deno.land/std@0.215.0/version.ts": "5dc0beb37736efb94a13a0259dce21aed57bf351ae5c5797b84e51340e2450d0",
    "https://jsr.io/@std/assert/0.215.0/_constants.ts": "a271e8ef5a573f1df8e822a6eb9d09df064ad66a4390f21b3e31f820a38e0975",
    "https://jsr.io/@std/assert/0.215.0/_diff.ts": "f8f568f6d3a36652deb4701303fe7a2a66bfec242682effe53211398e363c39e",
    "https://jsr.io/@std/assert/0.215.0/_format.ts": "0ba808961bf678437fb486b56405b6fefad2cf87b5809667c781ddee8c32aff4",
    "https://jsr.io/@std/assert/0.215.0/assert.ts": "501b416473ec27c71885aaf819e363c8df617f89ce68ae57fec7acf9d62743b2",
    "https://jsr.io/@std/assert/0.215.0/assert_almost_equals.ts": "77a20a203abff37146dc029afd14e7cce9c9c085c25a107a5f075ed49b646db0",
    "https://jsr.io/@std/assert/0.215.0/assert_array_includes.ts": "9f511b9b57d48f1ff643259192a66f855b8075a8fb9d9f3cdefc0e008cfe3466",
    "https://jsr.io/@std/assert/0.215.0/assert_equals.ts": "78139785a690be8e450ad13698287bfb5c50518833a6c4ccb96d6fe66dd9c573",
    "https://jsr.io/@std/assert/0.215.0/assert_exists.ts": "7ea6a5cbaf3ce2675adc863d11544ba0f0d6e61658c5f0a83b5aa999e48961f0",
    "https://jsr.io/@std/assert/0.215.0/assert_false.ts": "8941f89de0386609eb1749f334483d56420307997bbbba77a559c5fe7083a657",
    "https://jsr.io/@std/assert/0.215.0/assert_greater.ts": "441cfcab6ab8c06d6c54d5995d513a148c9ed7ec2d241c154e6a127b3f22f995",
    "https://jsr.io/@std/assert/0.215.0/assert_greater_or_equal.ts": "d841652741b8087235f3392abd6db387cc4ecfe91cbd9fbc721937789f325faa",
    "https://jsr.io/@std/assert/0.215.0/assert_instance_of.ts": "ab945d09a94ca382ac4e9044412a9414efe301ad0ae36b72c02159e7148321ed",
    "https://jsr.io/@std/assert/0.215.0/assert_is_error.ts": "823298a6a5bf5e51580932aadbb1cfb22a6945c502868dc9dca2a70bcf70062d",
    "https://jsr.io/@std/assert/0.215.0/assert_less.ts": "282d39e91ce16e33d5b8352771d97c81d840f1810ba7b65b64332eba5b0f0c50",
    "https://jsr.io/@std/assert/0.215.0/assert_less_or_equal.ts": "a68b8ae9fa056449b63c8d3fb771fe8a3747d958877096e85839b75f3c581576",
    "https://jsr.io/@std/assert/0.215.0/assert_match.ts": "7395d0d84346d9a81695559d11afe890137f1c469bb5cafb6aba1a7faaf142f8",
    "https://jsr.io/@std/assert/0.215.0/assert_not_equals.ts": "b08ac1034e4b9aedff0bad798df7880c8f977019a90e98a5e0e4f88c7dfa6353",
    "https://jsr.io/@std/assert/0.215.0/assert_not_instance_of.ts": "340861128c5a03071247fdc6011b8499fd277d9faeb14306a4af9cd642a302c3",
    "https://jsr.io/@std/assert/0.215.0/assert_not_match.ts": "f09d94377a6403800f7d8602a70bce27d3d6ff699cd95e141b43c35c3b0e798d",
    "https://jsr.io/@std/assert/0.215.0/assert_not_strict_equals.ts": "1028e690746157783c44cd0d17d88d17a57ece9d387a8cc8e15aef291ac98258",
    "https://jsr.io/@std/assert/0.215.0/assert_object_match.ts": "9f02fd409595a8b656ec9f436fe012932e3729a58e8292e7c4c5b9b50266da5f",
    "https://jsr.io/@std/assert/0.215.0/assert_rejects.ts": "af2d87faafdf44a3af69fd9e8952d5a07707d2b6b8c413f46ec3b90227539b3a",
    "https://jsr.io/@std/assert/0.215.0/assert_strict_equals.ts": "72d7b15c9cf128cd4fbb29fb794e1a2bc612b55935de035f17127587f8411e75",
    "https://jsr.io/@std/assert/0.215.0/assert_string_includes.ts": "c178bd97da03e2215494e729b2048ae68e780bf0b583a998a3bf808fbdb1eba2",
    "https://jsr.io/@std/assert/0.215.0/assert_throws.ts": "4209628c4fa3e569bb2924b289fad486f9e5feb0912bca6f60b484ddbfad7136",
    "https://jsr.io/@std/assert/0.215.0/assertion_error.ts": "dd027fb33707dbff22cd2ef9b55fdb70e2095876caf3c68ecfbb811505ecc022",
    "https://jsr.io/@std/assert/0.215.0/equal.ts": "166d9377ce8df4d53f676d9a568a13914c2323d9d3b2fd1096aafeb59f3c1edf",
    "https://jsr.io/@std/assert/0.215.0/fail.ts": "67579a1308b176d52756ded6d1e3149f87703648e59afc333ba5168fefeb8d7b",
    "https://jsr.io/@std/assert/0.215.0/mod.ts": "325df8c0683ad83a873b9691aa66b812d6275fc9fec0b2d180ac68a2c5efed3b",
    "https://jsr.io/@std/assert/0.215.0/unimplemented.ts": "ed3115f6fb271277e0522f3b18f020259900c385e3fa986f109a519a1cf25763",
    "https://jsr.io/@std/assert/0.215.0/unreachable.ts": "1e748f69f73c57f4de9ba1dba39306b86e0ad2c0915975608519a2bcf42c262f",
    "https://jsr.io/@std/cli/0.215.0/mod.ts": "58f75df8ce43fb8266bdd26ec4465f73176b910316d72eb8e090b6a0549391da",
    "https://jsr.io/@std/cli/0.215.0/parse_args.ts": "909c47399d2bc60c0007540e15f90ca3f985642dcd1f4127f817924f704e7b08",
    "https://jsr.io/@std/cli/0.215.0/prompt_secret.ts": "831cfb4efa83bfaf9bfd320ddbfd619e03cd87e81260909f93ca199ebe214ec2",
    "https://jsr.io/@std/cli/0.215.0/spinner.ts": "60a544b0592625d76061db090893be981055428d9b97f42d20fdeb04edfb9123",
    "https://jsr.io/@std/datetime/0.215.0/_common.ts": "a62214c1924766e008e27d3d843ceba4b545dc2aa9880de0ecdef9966d5736b6",
    "https://jsr.io/@std/datetime/0.215.0/format.ts": "43587ac37ba0245797334cbfd70b513368e6d2133cba0555afe66711e76c9c16",
    "https://jsr.io/@std/fmt/0.215.0/colors.ts": "59b5de7c07cdc0322ed61b2d98da1ca4fbc9f576d45c2beee577a27556e52d63",
    "https://jsr.io/@std/fmt/0.215.0/duration.ts": "aee068ae4f04f703d4b5e9efa5a33834460bfdb7a3e3e8b2afcb2b0529175e08",
    "https://jsr.io/@std/fs/0.215.0/_create_walk_entry.ts": "f52910386c0455d3f1f929d5702bad6e64127cff62d008d8bc03fd42f6eb3441",
    "https://jsr.io/@std/fs/0.215.0/_to_path_string.ts": "037a0c6dd97c22c5711aee18cf18a425a3969b48025be173653de0e529d92420",
    "https://jsr.io/@std/fs/0.215.0/exists.ts": "e636a0e535793d8677095e7a75308eda47cc4c784f83c4e2beaa90825a5b84de",
    "https://jsr.io/@std/fs/0.215.0/walk.ts": "1eed1303c391cbf2e0e01c2c6d8cb4d3ce171f1ab157b3a1221fe1eee9f415f8",
    "https://jsr.io/@std/log/0.215.0/_config.ts": "0b872c28977eacb641515cfa0e86b1864083dfd0d95df1346b5ce2d2a83cd4f3",
    "https://jsr.io/@std/log/0.215.0/_state.ts": "02b0fe12e72c4da014b6030222066d48a77ec42d908133c6dfddabf33e6fc5e8",
    "https://jsr.io/@std/log/0.215.0/base_handler.ts": "c9479234e87afaa1fbb7a52a18c3eba878e50a5a238bdd1ed8fc88ae951cb4d9",
    "https://jsr.io/@std/log/0.215.0/console_handler.ts": "e4858fc7fd43886e15c4f77a9946147e9542a24f09d6ea1ce8c1df146987b259",
    "https://jsr.io/@std/log/0.215.0/critical.ts": "8b046c84df44f088666bbccd67f81d82d753ccfd856b4ab79d1ee5bed58488cd",
    "https://jsr.io/@std/log/0.215.0/debug.ts": "00e886bb529076aae090f2824ae6f16659875c211587ac77db60dfd725dd03e5",
    "https://jsr.io/@std/log/0.215.0/error.ts": "f455de928edb9c4120483d06e1e51c208dea703461d7bac3168f1ddea169907e",
    "https://jsr.io/@std/log/0.215.0/file_handler.ts": "7b58c7017117ae290700b0e23f21573c1dc8ba8b5d4978d8aa0b8e05742d75e2",
    "https://jsr.io/@std/log/0.215.0/formatters.ts": "6058f77368548bc7f12edf1277bc780f3a055dfd4854fd9356acadd5193d21db",
    "https://jsr.io/@std/log/0.215.0/get_logger.ts": "054de4d242e9e03135081f5eb59c967288d70ec95b373bf5a9d003e9996a3081",
    "https://jsr.io/@std/log/0.215.0/info.ts": "f158bd21bd23876834c75eb9fc347583d850ff46b6461e08e926fe3fbb6c6e8e",
    "https://jsr.io/@std/log/0.215.0/levels.ts": "632ba12baa2600750d004cc5cb4eabe10e410f3f2bdfcb9f7142b6d767f2fee6",
    "https://jsr.io/@std/log/0.215.0/logger.ts": "a7a21f53c59f0d16227373d04ea302277a8d5be278105d71afe85b3d7b12067f",
    "https://jsr.io/@std/log/0.215.0/mod.ts": "3549283c6b4d3d722d14ae84ee768d52e207b867de63c652477553d982f6a12d",
    "https://jsr.io/@std/log/0.215.0/rotating_file_handler.ts": "2c7a3dccef5415009302ab7ea796c4991b12889890d0bc5997295ee14369f76c",
    "https://jsr.io/@std/log/0.215.0/setup.ts": "d52ad7264d0f007365ef58f0d79f6915bbd670faf9a6a29f567abd7f96b7d10e",
    "https://jsr.io/@std/log/0.215.0/warn.ts": "9fa997d9a5b0b78f84c797f436f16458e1fc5468b424cd796907c476116bd658",
    "https://jsr.io/@std/path/0.215.0/_common/assert_path.ts": "2ca275f36ac1788b2acb60fb2b79cb06027198bc2ba6fb7e163efaedde98c297",
    "https://jsr.io/@std/path/0.215.0/_common/basename.ts": "569744855bc8445f3a56087fd2aed56bdad39da971a8d92b138c9913aecc5fa2",
    "https://jsr.io/@std/path/0.215.0/_common/common.ts": "6157c7ec1f4db2b4a9a187efd6ce76dcaf1e61cfd49f87e40d4ea102818df031",
    "https://jsr.io/@std/path/0.215.0/_common/constants.ts": "dc5f8057159f4b48cd304eb3027e42f1148cf4df1fb4240774d3492b5d12ac0c",
    "https://jsr.io/@std/path/0.215.0/_common/dirname.ts": "684df4aa71a04bbcc346c692c8485594fc8a90b9408dfbc26ff32cf3e0c98cc8",
    "https://jsr.io/@std/path/0.215.0/_common/format.ts": "ef04423fd59d06dc027a4ccbe9eaa7b59c32f9d76e434d9debec43b7283e228e",
    "https://jsr.io/@std/path/0.215.0/_common/from_file_url.ts": "d672bdeebc11bf80e99bf266f886c70963107bdd31134c4e249eef51133ceccf",
    "https://jsr.io/@std/path/0.215.0/_common/glob_to_reg_exp.ts": "2007aa87bed6eb2c8ae8381adcc3125027543d9ec347713c1ad2c68427330770",
    "https://jsr.io/@std/path/0.215.0/_common/normalize.ts": "684df4aa71a04bbcc346c692c8485594fc8a90b9408dfbc26ff32cf3e0c98cc8",
    "https://jsr.io/@std/path/0.215.0/_common/normalize_string.ts": "dfdf657a1b1a7db7999f7c575ee7e6b0551d9c20f19486c6c3f5ff428384c965",
    "https://jsr.io/@std/path/0.215.0/_common/relative.ts": "faa2753d9b32320ed4ada0733261e3357c186e5705678d9dd08b97527deae607",
    "https://jsr.io/@std/path/0.215.0/_common/strip_trailing_separators.ts": "7024a93447efcdcfeaa9339a98fa63ef9d53de363f1fbe9858970f1bba02655a",
    "https://jsr.io/@std/path/0.215.0/_common/to_file_url.ts": "7f76adbc83ece1bba173e6e98a27c647712cab773d3f8cbe0398b74afc817883",
    "https://jsr.io/@std/path/0.215.0/_interface.ts": "a1419fcf45c0ceb8acdccc94394e3e94f99e18cfd32d509aab514c8841799600",
    "https://jsr.io/@std/path/0.215.0/_os.ts": "8fb9b90fb6b753bd8c77cfd8a33c2ff6c5f5bc185f50de8ca4ac6a05710b2c15",
    "https://jsr.io/@std/path/0.215.0/basename.ts": "5d341aadb7ada266e2280561692c165771d071c98746fcb66da928870cd47668",
    "https://jsr.io/@std/path/0.215.0/common.ts": "4c80da2ee5563eb31f87cf7d21879db90d614a3fae83358670625e4b90342745",
    "https://jsr.io/@std/path/0.215.0/constants.ts": "0c206169ca104938ede9da48ac952de288f23343304a1c3cb6ec7625e7325f36",
    "https://jsr.io/@std/path/0.215.0/dirname.ts": "85bd955bf31d62c9aafdd7ff561c4b5fb587d11a9a5a45e2b01aedffa4238a7c",
    "https://jsr.io/@std/path/0.215.0/extname.ts": "593303db8ae8c865cbd9ceec6e55d4b9ac5410c1e276bfd3131916591b954441",
    "https://jsr.io/@std/path/0.215.0/format.ts": "98fad25f1af7b96a48efb5b67378fcc8ed77be895df8b9c733b86411632162af",
    "https://jsr.io/@std/path/0.215.0/from_file_url.ts": "7c87244ca07e4065cb024016b03d012facb856cc7aed089d9b6f1e4ea6152316",
    "https://jsr.io/@std/path/0.215.0/glob_to_regexp.ts": "5e51f78a0248c75464bf1d49173de3ec2c032880a530578e56b3fed2a57e69d3",
    "https://jsr.io/@std/path/0.215.0/is_absolute.ts": "4791afc8bfd0c87f0526eaa616b0d16e7b3ab6a65b62942e50eac68de4ef67d7",
    "https://jsr.io/@std/path/0.215.0/is_glob.ts": "a65f6195d3058c3050ab905705891b412ff942a292bcbaa1a807a74439a14141",
    "https://jsr.io/@std/path/0.215.0/join.ts": "ae2ec5ca44c7e84a235fd532e4a0116bfb1f2368b394db1c4fb75e3c0f26a33a",
    "https://jsr.io/@std/path/0.215.0/join_globs.ts": "5b3bf248b93247194f94fa6947b612ab9d3abd571ca8386cf7789038545e54a0",
    "https://jsr.io/@std/path/0.215.0/mod.ts": "66d574090f2453c12a07e18115a16bfecc6cfed39e7d557869087af64f0e8e94",
    "https://jsr.io/@std/path/0.215.0/normalize.ts": "4155743ccceeed319b350c1e62e931600272fad8ad00c417b91df093867a8352",
    "https://jsr.io/@std/path/0.215.0/normalize_glob.ts": "cc89a77a7d3b1d01053b9dcd59462b75482b11e9068ae6c754b5cf5d794b374f",
    "https://jsr.io/@std/path/0.215.0/parse.ts": "65e8e285f1a63b714e19ef24b68f56e76934c3df0b6e65fd440d3991f4f8aefb",
    "https://jsr.io/@std/path/0.215.0/posix/_util.ts": "b24abdfa97820d3a9dc696bf7947c35ac2cf5d836c16ae20592a8dc0757321a3",
    "https://jsr.io/@std/path/0.215.0/posix/basename.ts": "265d3360c49c1af372a10891518b785fc2ae138f019892c89642e1f1c523b2dc",
    "https://jsr.io/@std/path/0.215.0/posix/common.ts": "4c896e6e9357f33c3ffe027cb13cb2ccf5dbe3575604b43c195befffb0f40b2b",
    "https://jsr.io/@std/path/0.215.0/posix/constants.ts": "93481efb98cdffa4c719c22a0182b994e5a6aed3047e1962f6c2c75b7592bef1",
    "https://jsr.io/@std/path/0.215.0/posix/dirname.ts": "ecdaeec17d5fdd00da89bb05962e209c7aa41ad4967279bc8662c0bb3a243b2f",
    "https://jsr.io/@std/path/0.215.0/posix/extname.ts": "b1400d9d0ac2160accda327790c93daa4ee8325b87f4c4d9b21887e7c8fd73db",
    "https://jsr.io/@std/path/0.215.0/posix/format.ts": "47318e54ac8cd2e9c35ef2a143d02c198ce093e31f9789b6ecb95cbc60fec71b",
    "https://jsr.io/@std/path/0.215.0/posix/from_file_url.ts": "dc4a092de0d117d94bfd54390b4bc360ea1c68d4a1e42d2ea94d6fe75b483c37",
    "https://jsr.io/@std/path/0.215.0/posix/glob_to_regexp.ts": "4db789540039ea4c75f1ba8182c43fc2965a019df3c26a825945642452e8bf75",
    "https://jsr.io/@std/path/0.215.0/posix/is_absolute.ts": "e7147b25e786abb51dd888eca89d2fd3770c41e6bd556d19db26cca348fb78a4",
    "https://jsr.io/@std/path/0.215.0/posix/is_glob.ts": "135ac8b1e647f673ea650fb713e2d9c42d0108c29cae3a2b77399fec0dae8864",
    "https://jsr.io/@std/path/0.215.0/posix/join.ts": "1bbf0d9303160d4b9be76161d0ef73d67198cf7bf66e84d88eb560abc492070f",
    "https://jsr.io/@std/path/0.215.0/posix/join_globs.ts": "52589b26215d134a6d95b592ae1c1cf35ab670e62c97053c632003c23c5aa0e9",
    "https://jsr.io/@std/path/0.215.0/posix/mod.ts": "43111128c93add2f61503dafd41c97e9b3e5ada9f15fc5f26f5c779f1615de4b",
    "https://jsr.io/@std/path/0.215.0/posix/normalize.ts": "9b9f666159c0e5ee3df292cf56555547b1be4cd3ca54da6a263a3074b8e44964",
    "https://jsr.io/@std/path/0.215.0/posix/normalize_glob.ts": "5b6fa8264f0f3663ee4b30034f783973d7a530bdd0ad8ee37a566f2b2a65ee71",
    "https://jsr.io/@std/path/0.215.0/posix/parse.ts": "96aad4733eb1091db6b3de423f23c25a2ac3e3a5b29b35c3ee808b123eef73e5",
    "https://jsr.io/@std/path/0.215.0/posix/relative.ts": "f0617bf5614ac45462d71d8d03a5bbe3db9f5aaadc9e470a560013d0416d4cc0",
    "https://jsr.io/@std/path/0.215.0/posix/resolve.ts": "00f39f36478ad11b64604ad9b508b137a930aae2423e757ba53ec5f11a919ee1",
    "https://jsr.io/@std/path/0.215.0/posix/to_file_url.ts": "e1c2f7b256100610ae85a443f89404f4b5d730d882c388a76b8e4fa1ecfc5ac7",
    "https://jsr.io/@std/path/0.215.0/posix/to_namespaced_path.ts": "28b216b3c76f892a4dca9734ff1cc0045d135532bfd9c435ae4858bfa5a2ebf0",
    "https://jsr.io/@std/path/0.215.0/relative.ts": "ab739d727180ed8727e34ed71d976912461d98e2b76de3d3de834c1066667add",
    "https://jsr.io/@std/path/0.215.0/resolve.ts": "a6f977bdb4272e79d8d0ed4333e3d71367cc3926acf15ac271f1d059c8494d8d",
    "https://jsr.io/@std/path/0.215.0/to_file_url.ts": "ce1a439e03377882e58f06ef43ef2259d483bab235d1eb727f1637b0a6bd7070",
    "https://jsr.io/@std/path/0.215.0/to_namespaced_path.ts": "b706a4103b104cfadc09600a5f838c2ba94dbcdb642344557122dda444526e40",
    "https://jsr.io/@std/path/0.215.0/windows/_util.ts": "8f491fe68728772ce98d3bdf54dcd89c823d5ecd2bec6153c343a95843f625ca",
    "https://jsr.io/@std/path/0.215.0/windows/basename.ts": "20179a24e3b4a8d5d957f0b6c5515d1d05c47c7e5824d595844f3ff5558e6e5b",
    "https://jsr.io/@std/path/0.215.0/windows/common.ts": "4c896e6e9357f33c3ffe027cb13cb2ccf5dbe3575604b43c195befffb0f40b2b",
    "https://jsr.io/@std/path/0.215.0/windows/constants.ts": "5afaac0a1f67b68b0a380a4ef391bf59feb55856aa8c60dfc01bd3b6abb813f5",
    "https://jsr.io/@std/path/0.215.0/windows/dirname.ts": "f5aee3cff1830aa804bee6b947c51a667dfc713b339923d884e590cffdf5d8e0",
    "https://jsr.io/@std/path/0.215.0/windows/extname.ts": "297ff46e51d75b97d4096cf5664471dca65b529f557c2e6e08aec3f2441767bf",
    "https://jsr.io/@std/path/0.215.0/windows/format.ts": "8986f9e9b1cd48b404aa7c3873bfb976a9af08eeb40a58f1001a8d887d0dfe14",
    "https://jsr.io/@std/path/0.215.0/windows/from_file_url.ts": "d67e4c8e7453597bf8071da6a995d6c9ad41f3c30192dc6494a25beb14647ff7",
    "https://jsr.io/@std/path/0.215.0/windows/glob_to_regexp.ts": "5a9251ea357ec619f8b370a87e3ec010f36ceb9a0112973b6a1122684b72ccdb",
    "https://jsr.io/@std/path/0.215.0/windows/is_absolute.ts": "d3534d9fd5680d4c6895bbb59193335e5753cdef875f095297be66eb96f2f530",
    "https://jsr.io/@std/path/0.215.0/windows/is_glob.ts": "135ac8b1e647f673ea650fb713e2d9c42d0108c29cae3a2b77399fec0dae8864",
    "https://jsr.io/@std/path/0.215.0/windows/join.ts": "3073737b883df7dd391f9743572284ec796cc518e420374da043a0eb714746da",
    "https://jsr.io/@std/path/0.215.0/windows/join_globs.ts": "52589b26215d134a6d95b592ae1c1cf35ab670e62c97053c632003c23c5aa0e9",
    "https://jsr.io/@std/path/0.215.0/windows/mod.ts": "74a29bae3451312d93ea22694b1ca4a05a7afe2b6dbab67c09cb59eb9744a776",
    "https://jsr.io/@std/path/0.215.0/windows/normalize.ts": "f5d8b971161eff7b4f8e45c7520cbb0c6553ccff7c4b3ced2dfe0d6ad46a2328",
    "https://jsr.io/@std/path/0.215.0/windows/normalize_glob.ts": "5bce9621a3562265bd3279f9b3b388611e19cf9f2c3521b0d8dbf18267e3b050",
    "https://jsr.io/@std/path/0.215.0/windows/parse.ts": "c63488c9d581576f955eaa8c4ab09c165b8d922ec3911b302c31331c8303973f",
    "https://jsr.io/@std/path/0.215.0/windows/relative.ts": "366eb25bd3469433e47dd4cac52d03048d5e27e8a89e059217065d3afa4e7e71",
    "https://jsr.io/@std/path/0.215.0/windows/resolve.ts": "671e70d150bd933832ffcf02e97572fdfbb8ed199082bdabdf4e92d3e898636e",
    "https://jsr.io/@std/path/0.215.0/windows/separator.ts": "e51c5522140eff4f8402617c5c68a201fdfa3a1a8b28dc23587cff931b665e43",
    "https://jsr.io/@std/path/0.215.0/windows/to_file_url.ts": "cdead9ba8f1e4062c3c45a7c9fa6384e209b734526b4c6ab36ce2f17339367f5",
    "https://jsr.io/@std/path/0.215.0/windows/to_namespaced_path.ts": "96dd0d55d484905e06553fd7d5feb6b3e4c0c99c337fda4199b6c32bce44833a",
    "https://jsr.io/@std/streams/0.215.0/merge_readable_streams.ts": "fb87b64c19c790edf0e6dae4af616d5bf7ee7aae3df23c84d506fb4c9cbb49d9",
    "https://jsr.io/@std/testing/0.215.0/_test_suite.ts": "f10a8a6338b60c403f07a76f3f46bdc9f1e1a820c0a1decddeb2949f7a8a0546",
    "https://jsr.io/@std/testing/0.215.0/bdd.ts": "3037a6173e2e5c3552e2745025651ac49936ae16da85883a7e428ed0fddfc061",
    "https://jsr.io/@std/testing/0.215.0/mock.ts": "8e14b95da2bd0a5d4bdabbfa8e201b2edda811820422c9ec3b24e0be5f8a9e66"
  },
  "workspace": {
    "dependencies": [
      "jsr:@std/assert@0.215.0",
      "jsr:@std/cli@0.215.0",
      "jsr:@std/datetime@0.215.0",
      "jsr:@std/fmt@0.215.0",
      "jsr:@std/fs@0.215.0",
      "jsr:@std/log@0.215.0",
      "jsr:@std/path@0.215.0",
      "jsr:@std/streams@0.215.0",
      "jsr:@std/testing@0.215.0"
    ]
  }
}
